
Microsoft Visual Studio Solution File, Format Version 12.00
# Visual Studio 14
VisualStudioVersion = 14.0.25123.0
MinimumVisualStudioVersion = 10.0.40219.1
Project("{FAE04EC0-301F-11D3-BF4B-00C04F79EFBC}") = "1.Heads-And-Tails", "1.Heads-And-Tails\1.Heads-And-Tails.csproj", "{1440E448-85DD-4D38-B99E-822CCBBF80DF}"
EndProject
Project("{FAE04EC0-301F-11D3-BF4B-00C04F79EFBC}") = "2.Lakes", "2.Lakes\2.Lakes.csproj", "{6C5CEF00-3E0E-478E-900A-F01E818BEAE4}"
EndProject
Project("{FAE04EC0-301F-11D3-BF4B-00C04F79EFBC}") = "3.StringsAndNumbers", "3.StringsAndNumbers\3.StringsAndNumbers.csproj", "{11ECD8AB-7950-4C70-B317-77EF840D428E}"
EndProject
Project("{FAE04EC0-301F-11D3-BF4B-00C04F79EFBC}") = "4.GameOfBottles", "4.GameOfBottles\4.GameOfBottles.csproj", "{4FBEFDC2-12AE-47B0-8D10-1D8E7B92DC1E}"
EndProject
Global
	GlobalSection(SolutionConfigurationPlatforms) = preSolution
		Debug|Any CPU = Debug|Any CPU
		Release|Any CPU = Release|Any CPU
	EndGlobalSection
	GlobalSection(ProjectConfigurationPlatforms) = postSolution
		{1440E448-85DD-4D38-B99E-822CCBBF80DF}.Debug|Any CPU.ActiveCfg = Debug|Any CPU
		{1440E448-85DD-4D38-B99E-822CCBBF80DF}.Debug|Any CPU.Build.0 = Debug|Any CPU
		{1440E448-85DD-4D38-B99E-822CCBBF80DF}.Release|Any CPU.ActiveCfg = Release|Any CPU
		{1440E448-85DD-4D38-B99E-822CCBBF80DF}.Release|Any CPU.Build.0 = Release|Any CPU
		{6C5CEF00-3E0E-478E-900A-F01E818BEAE4}.Debug|Any CPU.ActiveCfg = Debug|Any CPU
		{6C5CEF00-3E0E-478E-900A-F01E818BEAE4}.Debug|Any CPU.Build.0 = Debug|Any CPU
		{6C5CEF00-3E0E-478E-900A-F01E818BEAE4}.Release|Any CPU.ActiveCfg = Release|Any CPU
		{6C5CEF00-3E0E-478E-900A-F01E818BEAE4}.Release|Any CPU.Build.0 = Release|Any CPU
		{11ECD8AB-7950-4C70-B317-77EF840D428E}.Debug|Any CPU.ActiveCfg = Debug|Any CPU
		{11ECD8AB-7950-4C70-B317-77EF840D428E}.Debug|Any CPU.Build.0 = Debug|Any CPU
		{11ECD8AB-7950-4C70-B317-77EF840D428E}.Release|Any CPU.ActiveCfg = Release|Any CPU
		{11ECD8AB-7950-4C70-B317-77EF840D428E}.Release|Any CPU.Build.0 = Release|Any CPU
		{4FBEFDC2-12AE-47B0-8D10-1D8E7B92DC1E}.Debug|Any CPU.ActiveCfg = Debug|Any CPU
		{4FBEFDC2-12AE-47B0-8D10-1D8E7B92DC1E}.Debug|Any CPU.Build.0 = Debug|Any CPU
		{4FBEFDC2-12AE-47B0-8D10-1D8E7B92DC1E}.Release|Any CPU.ActiveCfg = Release|Any CPU
		{4FBEFDC2-12AE-47B0-8D10-1D8E7B92DC1E}.Release|Any CPU.Build.0 = Release|Any CPU
	EndGlobalSection
	GlobalSection(SolutionProperties) = preSolution
		HideSolutionNode = FALSE
	EndGlobalSection
EndGlobal
